
Microsoft Visual Studio Solution File, Format Version 12.00
# Visual Studio Version 16
VisualStudioVersion = 16.0.31410.357
MinimumVisualStudioVersion = 10.0.40219.1
Project("{8BC9CEB8-8B4A-11D0-8D11-00A0C91BC942}") = "TclDllMain", "TclDllMain\TclDllMain.vcxproj", "{A34ACC95-A4D8-44CD-9271-D553688448D4}"
EndProject
Project("{8BC9CEB8-8B4A-11D0-8D11-00A0C91BC942}") = "TclEnvConst", "TclEnvConst\TclEnvConst.vcxproj", "{C564171D-AB19-4179-AAEA-2FCD6945B4FA}"
EndProject
Project("{8BC9CEB8-8B4A-11D0-8D11-00A0C91BC942}") = "TclAof", "TclAof\TclAof.vcxproj", "{C0F58638-C706-41D1-B950-3B50A082787C}"
EndProject
Project("{8BC9CEB8-8B4A-11D0-8D11-00A0C91BC942}") = "TclAstroFunc", "TclAstroFunc\TclAstroFunc.vcxproj", "{6BB60E15-995F-480E-8F7F-DAAA5D154973}"
EndProject
Project("{8BC9CEB8-8B4A-11D0-8D11-00A0C91BC942}") = "TclBam", "TclBam\TclBam.vcxproj", "{68816F25-5219-4784-90C8-D7094A5AE5C2}"
EndProject
Project("{8BC9CEB8-8B4A-11D0-8D11-00A0C91BC942}") = "TclBatchDC", "TclBatchDC\TclBatchDC.vcxproj", "{924DC4F5-BD3E-4B64-A836-D826BE1605F2}"
EndProject
Project("{8BC9CEB8-8B4A-11D0-8D11-00A0C91BC942}") = "TclCombo", "TclCombo\TclCombo.vcxproj", "{24ADC075-1436-4B86-855E-7E5787799C4B}"
EndProject
Project("{8BC9CEB8-8B4A-11D0-8D11-00A0C91BC942}") = "TclElComp", "TclElComp\TclElComp.vcxproj", "{B2D081FE-CF38-45A9-97DE-60FBAC7BA2BF}"
EndProject
Project("{8BC9CEB8-8B4A-11D0-8D11-00A0C91BC942}") = "TclElOps", "TclElOps\TclElOps.vcxproj", "{A3F56FC1-7A8E-405F-B624-736C3238AF53}"
EndProject
Project("{8BC9CEB8-8B4A-11D0-8D11-00A0C91BC942}") = "TclExtEphem", "TclExtEphem\TclExtEphem.vcxproj", "{B09DA0F5-08BE-4C2E-9021-95093AE7A293}"
EndProject
Project("{8BC9CEB8-8B4A-11D0-8D11-00A0C91BC942}") = "TclFov", "TclFov\TclFov.vcxproj", "{FDB6BA44-FF3B-47BF-A0F8-B483CA139D41}"
EndProject
Project("{8BC9CEB8-8B4A-11D0-8D11-00A0C91BC942}") = "TclLamod", "TclLamod\TclLamod.vcxproj", "{7B26C95B-10C9-4CF8-8616-1254E6739761}"
EndProject
Project("{8BC9CEB8-8B4A-11D0-8D11-00A0C91BC942}") = "TclObs", "TclObs\TclObs.vcxproj", "{F21BDE8C-D4BF-40FE-8856-07B9403A2BE2}"
EndProject
Project("{8BC9CEB8-8B4A-11D0-8D11-00A0C91BC942}") = "TclObsOps", "TclObsOps\TclObsOps.vcxproj", "{C5E206C4-9921-48B7-90E2-13AC7E69D53B}"
EndProject
Project("{8BC9CEB8-8B4A-11D0-8D11-00A0C91BC942}") = "TclRotas", "TclRotas\TclRotas.vcxproj", "{8B8A288D-4855-401B-B572-596C5488D822}"
EndProject
Project("{8BC9CEB8-8B4A-11D0-8D11-00A0C91BC942}") = "TclSaas", "TclSaas\TclSaas.vcxproj", "{1B96D8B4-C6B1-4882-B293-E53146ED6E45}"
EndProject
Project("{8BC9CEB8-8B4A-11D0-8D11-00A0C91BC942}") = "TclSatState", "TclSatState\TclSatState.vcxproj", "{F839D316-6869-4F3E-8B6E-219873E767CE}"
EndProject
Project("{8BC9CEB8-8B4A-11D0-8D11-00A0C91BC942}") = "TclSensor", "TclSensor\TclSensor.vcxproj", "{E832F282-49AE-4AD0-A2A2-1354C9BCCC4D}"
EndProject
Project("{8BC9CEB8-8B4A-11D0-8D11-00A0C91BC942}") = "TclSgp4Prop", "TclSgp4Prop\TclSgp4Prop.vcxproj", "{510A1DEE-E838-4C94-BF50-78FD195A5714}"
EndProject
Project("{8BC9CEB8-8B4A-11D0-8D11-00A0C91BC942}") = "TclSpProp", "TclSpProp\TclSpProp.vcxproj", "{1B9C6B74-B6A6-4DE5-A6CF-78FC285803DF}"
EndProject
Project("{8BC9CEB8-8B4A-11D0-8D11-00A0C91BC942}") = "TclSpVec", "TclSpVec\TclSpVec.vcxproj", "{BCE6C5D2-BE10-4664-9708-F507BE687106}"
EndProject
Project("{8BC9CEB8-8B4A-11D0-8D11-00A0C91BC942}") = "TclTimeFunc", "TclTimeFunc\TclTimeFunc.vcxproj", "{0DA5E589-7049-41E0-AAF7-3FC340334184}"
EndProject
Project("{8BC9CEB8-8B4A-11D0-8D11-00A0C91BC942}") = "TclTle", "TclTle\TclTle.vcxproj", "{215ABF57-323E-4DC4-8DD6-4313C127FC6B}"
EndProject
Project("{8BC9CEB8-8B4A-11D0-8D11-00A0C91BC942}") = "TclVcm", "TclVcm\TclVcm.vcxproj", "{DF1113B8-20F5-44D9-ADD3-8D2ABE090268}"
EndProject
Global
	GlobalSection(SolutionConfigurationPlatforms) = preSolution
		Debug|x64 = Debug|x64
		Debug|x86 = Debug|x86
		Release|x64 = Release|x64
		Release|x86 = Release|x86
	EndGlobalSection
	GlobalSection(ProjectConfigurationPlatforms) = postSolution
		{A34ACC95-A4D8-44CD-9271-D553688448D4}.Debug|x64.ActiveCfg = Debug|x64
		{A34ACC95-A4D8-44CD-9271-D553688448D4}.Debug|x64.Build.0 = Debug|x64
		{A34ACC95-A4D8-44CD-9271-D553688448D4}.Debug|x86.ActiveCfg = Debug|Win32
		{A34ACC95-A4D8-44CD-9271-D553688448D4}.Debug|x86.Build.0 = Debug|Win32
		{A34ACC95-A4D8-44CD-9271-D553688448D4}.Release|x64.ActiveCfg = Release|x64
		{A34ACC95-A4D8-44CD-9271-D553688448D4}.Release|x64.Build.0 = Release|x64
		{A34ACC95-A4D8-44CD-9271-D553688448D4}.Release|x86.ActiveCfg = Release|Win32
		{A34ACC95-A4D8-44CD-9271-D553688448D4}.Release|x86.Build.0 = Release|Win32
		{C564171D-AB19-4179-AAEA-2FCD6945B4FA}.Debug|x64.ActiveCfg = Debug|x64
		{C564171D-AB19-4179-AAEA-2FCD6945B4FA}.Debug|x64.Build.0 = Debug|x64
		{C564171D-AB19-4179-AAEA-2FCD6945B4FA}.Debug|x86.ActiveCfg = Debug|Win32
		{C564171D-AB19-4179-AAEA-2FCD6945B4FA}.Debug|x86.Build.0 = Debug|Win32
		{C564171D-AB19-4179-AAEA-2FCD6945B4FA}.Release|x64.ActiveCfg = Release|x64
		{C564171D-AB19-4179-AAEA-2FCD6945B4FA}.Release|x64.Build.0 = Release|x64
		{C564171D-AB19-4179-AAEA-2FCD6945B4FA}.Release|x86.ActiveCfg = Release|Win32
		{C564171D-AB19-4179-AAEA-2FCD6945B4FA}.Release|x86.Build.0 = Release|Win32
		{C0F58638-C706-41D1-B950-3B50A082787C}.Debug|x64.ActiveCfg = Debug|x64
		{C0F58638-C706-41D1-B950-3B50A082787C}.Debug|x64.Build.0 = Debug|x64
		{C0F58638-C706-41D1-B950-3B50A082787C}.Debug|x86.ActiveCfg = Debug|Win32
		{C0F58638-C706-41D1-B950-3B50A082787C}.Debug|x86.Build.0 = Debug|Win32
		{C0F58638-C706-41D1-B950-3B50A082787C}.Release|x64.ActiveCfg = Release|x64
		{C0F58638-C706-41D1-B950-3B50A082787C}.Release|x64.Build.0 = Release|x64
		{C0F58638-C706-41D1-B950-3B50A082787C}.Release|x86.ActiveCfg = Release|Win32
		{C0F58638-C706-41D1-B950-3B50A082787C}.Release|x86.Build.0 = Release|Win32
		{6BB60E15-995F-480E-8F7F-DAAA5D154973}.Debug|x64.ActiveCfg = Debug|x64
		{6BB60E15-995F-480E-8F7F-DAAA5D154973}.Debug|x64.Build.0 = Debug|x64
		{6BB60E15-995F-480E-8F7F-DAAA5D154973}.Debug|x86.ActiveCfg = Debug|Win32
		{6BB60E15-995F-480E-8F7F-DAAA5D154973}.Debug|x86.Build.0 = Debug|Win32
		{6BB60E15-995F-480E-8F7F-DAAA5D154973}.Release|x64.ActiveCfg = Release|x64
		{6BB60E15-995F-480E-8F7F-DAAA5D154973}.Release|x64.Build.0 = Release|x64
		{6BB60E15-995F-480E-8F7F-DAAA5D154973}.Release|x86.ActiveCfg = Release|Win32
		{6BB60E15-995F-480E-8F7F-DAAA5D154973}.Release|x86.Build.0 = Release|Win32
		{68816F25-5219-4784-90C8-D7094A5AE5C2}.Debug|x64.ActiveCfg = Debug|x64
		{68816F25-5219-4784-90C8-D7094A5AE5C2}.Debug|x64.Build.0 = Debug|x64
		{68816F25-5219-4784-90C8-D7094A5AE5C2}.Debug|x86.ActiveCfg = Debug|Win32
		{68816F25-5219-4784-90C8-D7094A5AE5C2}.Debug|x86.Build.0 = Debug|Win32
		{68816F25-5219-4784-90C8-D7094A5AE5C2}.Release|x64.ActiveCfg = Release|x64
		{68816F25-5219-4784-90C8-D7094A5AE5C2}.Release|x64.Build.0 = Release|x64
		{68816F25-5219-4784-90C8-D7094A5AE5C2}.Release|x86.ActiveCfg = Release|Win32
		{68816F25-5219-4784-90C8-D7094A5AE5C2}.Release|x86.Build.0 = Release|Win32
		{924DC4F5-BD3E-4B64-A836-D826BE1605F2}.Debug|x64.ActiveCfg = Debug|x64
		{924DC4F5-BD3E-4B64-A836-D826BE1605F2}.Debug|x64.Build.0 = Debug|x64
		{924DC4F5-BD3E-4B64-A836-D826BE1605F2}.Debug|x86.ActiveCfg = Debug|Win32
		{924DC4F5-BD3E-4B64-A836-D826BE1605F2}.Debug|x86.Build.0 = Debug|Win32
		{924DC4F5-BD3E-4B64-A836-D826BE1605F2}.Release|x64.ActiveCfg = Release|x64
		{924DC4F5-BD3E-4B64-A836-D826BE1605F2}.Release|x64.Build.0 = Release|x64
		{924DC4F5-BD3E-4B64-A836-D826BE1605F2}.Release|x86.ActiveCfg = Release|Win32
		{924DC4F5-BD3E-4B64-A836-D826BE1605F2}.Release|x86.Build.0 = Release|Win32
		{24ADC075-1436-4B86-855E-7E5787799C4B}.Debug|x64.ActiveCfg = Debug|x64
		{24ADC075-1436-4B86-855E-7E5787799C4B}.Debug|x64.Build.0 = Debug|x64
		{24ADC075-1436-4B86-855E-7E5787799C4B}.Debug|x86.ActiveCfg = Debug|Win32
		{24ADC075-1436-4B86-855E-7E5787799C4B}.Debug|x86.Build.0 = Debug|Win32
		{24ADC075-1436-4B86-855E-7E5787799C4B}.Release|x64.ActiveCfg = Release|x64
		{24ADC075-1436-4B86-855E-7E5787799C4B}.Release|x64.Build.0 = Release|x64
		{24ADC075-1436-4B86-855E-7E5787799C4B}.Release|x86.ActiveCfg = Release|Win32
		{24ADC075-1436-4B86-855E-7E5787799C4B}.Release|x86.Build.0 = Release|Win32
		{B2D081FE-CF38-45A9-97DE-60FBAC7BA2BF}.Debug|x64.ActiveCfg = Debug|x64
		{B2D081FE-CF38-45A9-97DE-60FBAC7BA2BF}.Debug|x64.Build.0 = Debug|x64
		{B2D081FE-CF38-45A9-97DE-60FBAC7BA2BF}.Debug|x86.ActiveCfg = Debug|Win32
		{B2D081FE-CF38-45A9-97DE-60FBAC7BA2BF}.Debug|x86.Build.0 = Debug|Win32
		{B2D081FE-CF38-45A9-97DE-60FBAC7BA2BF}.Release|x64.ActiveCfg = Release|x64
		{B2D081FE-CF38-45A9-97DE-60FBAC7BA2BF}.Release|x64.Build.0 = Release|x64
		{B2D081FE-CF38-45A9-97DE-60FBAC7BA2BF}.Release|x86.ActiveCfg = Release|Win32
		{B2D081FE-CF38-45A9-97DE-60FBAC7BA2BF}.Release|x86.Build.0 = Release|Win32
		{A3F56FC1-7A8E-405F-B624-736C3238AF53}.Debug|x64.ActiveCfg = Debug|x64
		{A3F56FC1-7A8E-405F-B624-736C3238AF53}.Debug|x64.Build.0 = Debug|x64
		{A3F56FC1-7A8E-405F-B624-736C3238AF53}.Debug|x86.ActiveCfg = Debug|Win32
		{A3F56FC1-7A8E-405F-B624-736C3238AF53}.Debug|x86.Build.0 = Debug|Win32
		{A3F56FC1-7A8E-405F-B624-736C3238AF53}.Release|x64.ActiveCfg = Release|x64
		{A3F56FC1-7A8E-405F-B624-736C3238AF53}.Release|x64.Build.0 = Release|x64
		{A3F56FC1-7A8E-405F-B624-736C3238AF53}.Release|x86.ActiveCfg = Release|Win32
		{A3F56FC1-7A8E-405F-B624-736C3238AF53}.Release|x86.Build.0 = Release|Win32
		{B09DA0F5-08BE-4C2E-9021-95093AE7A293}.Debug|x64.ActiveCfg = Debug|x64
		{B09DA0F5-08BE-4C2E-9021-95093AE7A293}.Debug|x64.Build.0 = Debug|x64
		{B09DA0F5-08BE-4C2E-9021-95093AE7A293}.Debug|x86.ActiveCfg = Debug|Win32
		{B09DA0F5-08BE-4C2E-9021-95093AE7A293}.Debug|x86.Build.0 = Debug|Win32
		{B09DA0F5-08BE-4C2E-9021-95093AE7A293}.Release|x64.ActiveCfg = Release|x64
		{B09DA0F5-08BE-4C2E-9021-95093AE7A293}.Release|x64.Build.0 = Release|x64
		{B09DA0F5-08BE-4C2E-9021-95093AE7A293}.Release|x86.ActiveCfg = Release|Win32
		{B09DA0F5-08BE-4C2E-9021-95093AE7A293}.Release|x86.Build.0 = Release|Win32
		{FDB6BA44-FF3B-47BF-A0F8-B483CA139D41}.Debug|x64.ActiveCfg = Debug|x64
		{FDB6BA44-FF3B-47BF-A0F8-B483CA139D41}.Debug|x64.Build.0 = Debug|x64
		{FDB6BA44-FF3B-47BF-A0F8-B483CA139D41}.Debug|x86.ActiveCfg = Debug|Win32
		{FDB6BA44-FF3B-47BF-A0F8-B483CA139D41}.Debug|x86.Build.0 = Debug|Win32
		{FDB6BA44-FF3B-47BF-A0F8-B483CA139D41}.Release|x64.ActiveCfg = Release|x64
		{FDB6BA44-FF3B-47BF-A0F8-B483CA139D41}.Release|x64.Build.0 = Release|x64
		{FDB6BA44-FF3B-47BF-A0F8-B483CA139D41}.Release|x86.ActiveCfg = Release|Win32
		{FDB6BA44-FF3B-47BF-A0F8-B483CA139D41}.Release|x86.Build.0 = Release|Win32
		{7B26C95B-10C9-4CF8-8616-1254E6739761}.Debug|x64.ActiveCfg = Debug|x64
		{7B26C95B-10C9-4CF8-8616-1254E6739761}.Debug|x64.Build.0 = Debug|x64
		{7B26C95B-10C9-4CF8-8616-1254E6739761}.Debug|x86.ActiveCfg = Debug|Win32
		{7B26C95B-10C9-4CF8-8616-1254E6739761}.Debug|x86.Build.0 = Debug|Win32
		{7B26C95B-10C9-4CF8-8616-1254E6739761}.Release|x64.ActiveCfg = Release|x64
		{7B26C95B-10C9-4CF8-8616-1254E6739761}.Release|x64.Build.0 = Release|x64
		{7B26C95B-10C9-4CF8-8616-1254E6739761}.Release|x86.ActiveCfg = Release|Win32
		{7B26C95B-10C9-4CF8-8616-1254E6739761}.Release|x86.Build.0 = Release|Win32
		{F21BDE8C-D4BF-40FE-8856-07B9403A2BE2}.Debug|x64.ActiveCfg = Debug|x64
		{F21BDE8C-D4BF-40FE-8856-07B9403A2BE2}.Debug|x64.Build.0 = Debug|x64
		{F21BDE8C-D4BF-40FE-8856-07B9403A2BE2}.Debug|x86.ActiveCfg = Debug|Win32
		{F21BDE8C-D4BF-40FE-8856-07B9403A2BE2}.Debug|x86.Build.0 = Debug|Win32
		{F21BDE8C-D4BF-40FE-8856-07B9403A2BE2}.Release|x64.ActiveCfg = Release|x64
		{F21BDE8C-D4BF-40FE-8856-07B9403A2BE2}.Release|x64.Build.0 = Release|x64
		{F21BDE8C-D4BF-40FE-8856-07B9403A2BE2}.Release|x86.ActiveCfg = Release|Win32
		{F21BDE8C-D4BF-40FE-8856-07B9403A2BE2}.Release|x86.Build.0 = Release|Win32
		{C5E206C4-9921-48B7-90E2-13AC7E69D53B}.Debug|x64.ActiveCfg = Debug|x64
		{C5E206C4-9921-48B7-90E2-13AC7E69D53B}.Debug|x64.Build.0 = Debug|x64
		{C5E206C4-9921-48B7-90E2-13AC7E69D53B}.Debug|x86.ActiveCfg = Debug|Win32
		{C5E206C4-9921-48B7-90E2-13AC7E69D53B}.Debug|x86.Build.0 = Debug|Win32
		{C5E206C4-9921-48B7-90E2-13AC7E69D53B}.Release|x64.ActiveCfg = Release|x64
		{C5E206C4-9921-48B7-90E2-13AC7E69D53B}.Release|x64.Build.0 = Release|x64
		{C5E206C4-9921-48B7-90E2-13AC7E69D53B}.Release|x86.ActiveCfg = Release|Win32
		{C5E206C4-9921-48B7-90E2-13AC7E69D53B}.Release|x86.Build.0 = Release|Win32
		{8B8A288D-4855-401B-B572-596C5488D822}.Debug|x64.ActiveCfg = Debug|x64
		{8B8A288D-4855-401B-B572-596C5488D822}.Debug|x64.Build.0 = Debug|x64
		{8B8A288D-4855-401B-B572-596C5488D822}.Debug|x86.ActiveCfg = Debug|Win32
		{8B8A288D-4855-401B-B572-596C5488D822}.Debug|x86.Build.0 = Debug|Win32
		{8B8A288D-4855-401B-B572-596C5488D822}.Release|x64.ActiveCfg = Release|x64
		{8B8A288D-4855-401B-B572-596C5488D822}.Release|x64.Build.0 = Release|x64
		{8B8A288D-4855-401B-B572-596C5488D822}.Release|x86.ActiveCfg = Release|Win32
		{8B8A288D-4855-401B-B572-596C5488D822}.Release|x86.Build.0 = Release|Win32
		{1B96D8B4-C6B1-4882-B293-E53146ED6E45}.Debug|x64.ActiveCfg = Debug|x64
		{1B96D8B4-C6B1-4882-B293-E53146ED6E45}.Debug|x64.Build.0 = Debug|x64
		{1B96D8B4-C6B1-4882-B293-E53146ED6E45}.Debug|x86.ActiveCfg = Debug|Win32
		{1B96D8B4-C6B1-4882-B293-E53146ED6E45}.Debug|x86.Build.0 = Debug|Win32
		{1B96D8B4-C6B1-4882-B293-E53146ED6E45}.Release|x64.ActiveCfg = Release|x64
		{1B96D8B4-C6B1-4882-B293-E53146ED6E45}.Release|x64.Build.0 = Release|x64
		{1B96D8B4-C6B1-4882-B293-E53146ED6E45}.Release|x86.ActiveCfg = Release|Win32
		{1B96D8B4-C6B1-4882-B293-E53146ED6E45}.Release|x86.Build.0 = Release|Win32
		{F839D316-6869-4F3E-8B6E-219873E767CE}.Debug|x64.ActiveCfg = Debug|x64
		{F839D316-6869-4F3E-8B6E-219873E767CE}.Debug|x64.Build.0 = Debug|x64
		{F839D316-6869-4F3E-8B6E-219873E767CE}.Debug|x86.ActiveCfg = Debug|Win32
		{F839D316-6869-4F3E-8B6E-219873E767CE}.Debug|x86.Build.0 = Debug|Win32
		{F839D316-6869-4F3E-8B6E-219873E767CE}.Release|x64.ActiveCfg = Release|x64
		{F839D316-6869-4F3E-8B6E-219873E767CE}.Release|x64.Build.0 = Release|x64
		{F839D316-6869-4F3E-8B6E-219873E767CE}.Release|x86.ActiveCfg = Release|Win32
		{F839D316-6869-4F3E-8B6E-219873E767CE}.Release|x86.Build.0 = Release|Win32
		{E832F282-49AE-4AD0-A2A2-1354C9BCCC4D}.Debug|x64.ActiveCfg = Debug|x64
		{E832F282-49AE-4AD0-A2A2-1354C9BCCC4D}.Debug|x64.Build.0 = Debug|x64
		{E832F282-49AE-4AD0-A2A2-1354C9BCCC4D}.Debug|x86.ActiveCfg = Debug|Win32
		{E832F282-49AE-4AD0-A2A2-1354C9BCCC4D}.Debug|x86.Build.0 = Debug|Win32
		{E832F282-49AE-4AD0-A2A2-1354C9BCCC4D}.Release|x64.ActiveCfg = Release|x64
		{E832F282-49AE-4AD0-A2A2-1354C9BCCC4D}.Release|x64.Build.0 = Release|x64
		{E832F282-49AE-4AD0-A2A2-1354C9BCCC4D}.Release|x86.ActiveCfg = Release|Win32
		{E832F282-49AE-4AD0-A2A2-1354C9BCCC4D}.Release|x86.Build.0 = Release|Win32
		{510A1DEE-E838-4C94-BF50-78FD195A5714}.Debug|x64.ActiveCfg = Debug|x64
		{510A1DEE-E838-4C94-BF50-78FD195A5714}.Debug|x64.Build.0 = Debug|x64
		{510A1DEE-E838-4C94-BF50-78FD195A5714}.Debug|x86.ActiveCfg = Debug|Win32
		{510A1DEE-E838-4C94-BF50-78FD195A5714}.Debug|x86.Build.0 = Debug|Win32
		{510A1DEE-E838-4C94-BF50-78FD195A5714}.Release|x64.ActiveCfg = Release|x64
		{510A1DEE-E838-4C94-BF50-78FD195A5714}.Release|x64.Build.0 = Release|x64
		{510A1DEE-E838-4C94-BF50-78FD195A5714}.Release|x86.ActiveCfg = Release|Win32
		{510A1DEE-E838-4C94-BF50-78FD195A5714}.Release|x86.Build.0 = Release|Win32
		{1B9C6B74-B6A6-4DE5-A6CF-78FC285803DF}.Debug|x64.ActiveCfg = Debug|x64
		{1B9C6B74-B6A6-4DE5-A6CF-78FC285803DF}.Debug|x64.Build.0 = Debug|x64
		{1B9C6B74-B6A6-4DE5-A6CF-78FC285803DF}.Debug|x86.ActiveCfg = Debug|Win32
		{1B9C6B74-B6A6-4DE5-A6CF-78FC285803DF}.Debug|x86.Build.0 = Debug|Win32
		{1B9C6B74-B6A6-4DE5-A6CF-78FC285803DF}.Release|x64.ActiveCfg = Release|x64
		{1B9C6B74-B6A6-4DE5-A6CF-78FC285803DF}.Release|x64.Build.0 = Release|x64
		{1B9C6B74-B6A6-4DE5-A6CF-78FC285803DF}.Release|x86.ActiveCfg = Release|Win32
		{1B9C6B74-B6A6-4DE5-A6CF-78FC285803DF}.Release|x86.Build.0 = Release|Win32
		{BCE6C5D2-BE10-4664-9708-F507BE687106}.Debug|x64.ActiveCfg = Debug|x64
		{BCE6C5D2-BE10-4664-9708-F507BE687106}.Debug|x64.Build.0 = Debug|x64
		{BCE6C5D2-BE10-4664-9708-F507BE687106}.Debug|x86.ActiveCfg = Debug|Win32
		{BCE6C5D2-BE10-4664-9708-F507BE687106}.Debug|x86.Build.0 = Debug|Win32
		{BCE6C5D2-BE10-4664-9708-F507BE687106}.Release|x64.ActiveCfg = Release|x64
		{BCE6C5D2-BE10-4664-9708-F507BE687106}.Release|x64.Build.0 = Release|x64
		{BCE6C5D2-BE10-4664-9708-F507BE687106}.Release|x86.ActiveCfg = Release|Win32
		{BCE6C5D2-BE10-4664-9708-F507BE687106}.Release|x86.Build.0 = Release|Win32
		{0DA5E589-7049-41E0-AAF7-3FC340334184}.Debug|x64.ActiveCfg = Debug|x64
		{0DA5E589-7049-41E0-AAF7-3FC340334184}.Debug|x64.Build.0 = Debug|x64
		{0DA5E589-7049-41E0-AAF7-3FC340334184}.Debug|x86.ActiveCfg = Debug|Win32
		{0DA5E589-7049-41E0-AAF7-3FC340334184}.Debug|x86.Build.0 = Debug|Win32
		{0DA5E589-7049-41E0-AAF7-3FC340334184}.Release|x64.ActiveCfg = Release|x64
		{0DA5E589-7049-41E0-AAF7-3FC340334184}.Release|x64.Build.0 = Release|x64
		{0DA5E589-7049-41E0-AAF7-3FC340334184}.Release|x86.ActiveCfg = Release|Win32
		{0DA5E589-7049-41E0-AAF7-3FC340334184}.Release|x86.Build.0 = Release|Win32
		{215ABF57-323E-4DC4-8DD6-4313C127FC6B}.Debug|x64.ActiveCfg = Debug|x64
		{215ABF57-323E-4DC4-8DD6-4313C127FC6B}.Debug|x64.Build.0 = Debug|x64
		{215ABF57-323E-4DC4-8DD6-4313C127FC6B}.Debug|x86.ActiveCfg = Debug|Win32
		{215ABF57-323E-4DC4-8DD6-4313C127FC6B}.Debug|x86.Build.0 = Debug|Win32
		{215ABF57-323E-4DC4-8DD6-4313C127FC6B}.Release|x64.ActiveCfg = Release|x64
		{215ABF57-323E-4DC4-8DD6-4313C127FC6B}.Release|x64.Build.0 = Release|x64
		{215ABF57-323E-4DC4-8DD6-4313C127FC6B}.Release|x86.ActiveCfg = Release|Win32
		{215ABF57-323E-4DC4-8DD6-4313C127FC6B}.Release|x86.Build.0 = Release|Win32
		{DF1113B8-20F5-44D9-ADD3-8D2ABE090268}.Debug|x64.ActiveCfg = Debug|x64
		{DF1113B8-20F5-44D9-ADD3-8D2ABE090268}.Debug|x64.Build.0 = Debug|x64
		{DF1113B8-20F5-44D9-ADD3-8D2ABE090268}.Debug|x86.ActiveCfg = Debug|Win32
		{DF1113B8-20F5-44D9-ADD3-8D2ABE090268}.Debug|x86.Build.0 = Debug|Win32
		{DF1113B8-20F5-44D9-ADD3-8D2ABE090268}.Release|x64.ActiveCfg = Release|x64
		{DF1113B8-20F5-44D9-ADD3-8D2ABE090268}.Release|x64.Build.0 = Release|x64
		{DF1113B8-20F5-44D9-ADD3-8D2ABE090268}.Release|x86.ActiveCfg = Release|Win32
		{DF1113B8-20F5-44D9-ADD3-8D2ABE090268}.Release|x86.Build.0 = Release|Win32
	EndGlobalSection
	GlobalSection(SolutionProperties) = preSolution
		HideSolutionNode = FALSE
	EndGlobalSection
	GlobalSection(ExtensibilityGlobals) = postSolution
		SolutionGuid = {DA1F0792-78FE-45CB-A0CC-16AF1D169674}
	EndGlobalSection
EndGlobal
